# @generated by Move, please check-in and do not edit manually.

[move]
version = 3
manifest_digest = "C001DCF2C81D4C4DFF7BD934E91209DB0F426B14A6D52AE46CAEC1E405F4A048"
deps_digest = "F8BBB0CCB2491CA29A3DF03D6F92277A4F3574266507ACD77214D37ECA3F3082"
dependencies = [
  { id = "Sui", name = "Sui" },
]

[[move.package]]
id = "MoveStdlib"
source = { git = "https://github.com/MystenLabs/sui.git", rev = "framework/testnet", subdir = "crates/sui-framework/packages/move-stdlib" }

[[move.package]]
id = "Sui"
source = { git = "https://github.com/MystenLabs/sui.git", rev = "framework/testnet", subdir = "crates/sui-framework/packages/sui-framework" }

dependencies = [
  { id = "MoveStdlib", name = "MoveStdlib" },
]

[move.toolchain-version]
compiler-version = "1.41.1"
edition = "2024.beta"
flavor = "sui"

[env]

[env.localnet]
chain-id = "6b2cab06"
original-published-id = "0x338a5f5897930dac087ad5f51949277a216a1b3a4cc8cfe12d836fafed3e4e5a"
latest-published-id = "0x338a5f5897930dac087ad5f51949277a216a1b3a4cc8cfe12d836fafed3e4e5a"
published-version = "1"
